{
  "name": "jam-do-site",
  "version": "0.0.1",
  "lockfileVersion": 2,
  "requires": true,
  "packages": {
    "": {
      "name": "jam-do-site",
      "version": "0.0.1",
      "license": "UNLICENSED",
      "devDependencies": {
        "@re4ma/re-serve": "github:re4ma/re-serve"
      }
    },
    "node_modules/@re4ma/re-serve": {
      "version": "0.0.1",
      "resolved": "git+ssh://git@github.com/re4ma/re-serve.git#9f69392e48d1791d9dac7fb87f29baba8e807678",
      "dev": true,
      "license": "MIT"
    }
  },
  "dependencies": {
    "@re4ma/re-serve": {
      "version": "git+ssh://git@github.com/re4ma/re-serve.git#9f69392e48d1791d9dac7fb87f29baba8e807678",
      "dev": true,
      "from": "@re4ma/re-serve@https://github.com/re4ma/re-serve"
    }
  }
}
